# This file is autogenerated, do not edit; changes may be undone by the next 'dep ensure'.


[[projects]]
  digest = "1:ffe9824d294da03b391f44e1ae8281281b4afc1bdaa9588c9097785e3af10cec"
  name = "github.com/davecgh/go-spew"
  packages = ["spew"]
  pruneopts = "UT"
  revision = "8991bc29aa16c548c550c7ff78260e27b9ab7c73"
  version = "v1.1.1"

[[projects]]
  digest = "1:5672cac2a0190dbb0658806e0f8e220ae4a4120451603504c22ef89a1126c109"
  name = "github.com/go-ozzo/ozzo-validation"
  packages = ["."]
  pruneopts = "UT"
  revision = "199b55b36bc1af151e6eea487cc92ffa5b460b81"
  version = "v3.6.0"

[[projects]]
  digest = "1:31e761d97c76151dde79e9d28964a812c46efc5baee4085b86f68f0c654450de"
  name = "github.com/konsorten/go-windows-terminal-sequences"
  packages = ["."]
  pruneopts = "UT"
  revision = "f55edac94c9bbba5d6182a4be46d86a2c9b5b50e"
  version = "v1.0.2"

[[projects]]
  branch = "master"
  digest = "1:3169196542342e193c4e0bacbaf5039712051f8178b16aaa94a67fd78cde6e2e"
  name = "github.com/nullstyle/go-xdr"
  packages = ["xdr3"]
  pruneopts = "UT"
  revision = "f4c839f750778158541decf4c318fc7625ec066b"

[[projects]]
  digest = "1:cf31692c14422fa27c83a05292eb5cbe0fb2775972e8f1f8446a71549bd8980b"
  name = "github.com/pkg/errors"
  packages = ["."]
  pruneopts = "UT"
  revision = "ba968bfe8b2f7e042a574c888954fccecfa385b4"
  version = "v0.8.1"

[[projects]]
  digest = "1:0028cb19b2e4c3112225cd871870f2d9cf49b9b4276531f03438a88e94be86fe"
  name = "github.com/pmezard/go-difflib"
  packages = ["difflib"]
  pruneopts = "UT"
  revision = "792786c7400a136282c1664665ae0a8db921c6c2"
  version = "v1.0.0"

[[projects]]
  digest = "1:04457f9f6f3ffc5fea48e71d62f2ca256637dee0a04d710288e27e05c8b41976"
  name = "github.com/sirupsen/logrus"
  packages = ["."]
  pruneopts = "UT"
  revision = "839c75faf7f98a33d445d181f3018b5c3409a45e"
  version = "v1.4.2"

[[projects]]
  digest = "1:8548c309c65a85933a625be5e7d52b6ac927ca30c56869fae58123b8a77a75e1"
  name = "github.com/stretchr/testify"
  packages = ["assert"]
  pruneopts = "UT"
  revision = "221dbe5ed46703ee255b1da0dec05086f5035f62"
  version = "v1.4.0"

[[projects]]
  digest = "1:5c74250e2fc48f2fc18808f58640b9b030a76e6eca083486a227441f0803be19"
  name = "gitlab.com/distributed_lab/logan"
  packages = [
    "v3",
    "v3/errors",
    "v3/fields",
  ]
  pruneopts = "UT"
  revision = "df004fabe2425cd853d9787ec32b04189a22762f"
  version = "v3.7.1"

[[projects]]
  digest = "1:7881e68b0f700e2361a099ad8647eb71ef147f6a44ac7ad3dbd8ed28b6adfc1e"
  name = "gitlab.com/tokend/go"
  packages = [
    "amount",
    "crc16",
    "hash",
    "keypair",
    "network",
    "signcontrol",
    "signcontrol/internal/httpsignatures",
    "strkey",
    "xdr",
    "xdrbuild",
    "xdrbuild/internal",
  ]
  pruneopts = "UT"
  revision = "921363d13fceb1dfb3a9a913b4d092cf5ca64c13"
  version = "v3.11.0"

[[projects]]
  digest = "1:4239e501f0d1536106f7953fbf1001b9a7931b81375cae991829eb8a585f5c0a"
  name = "gitlab.com/tokend/keypair"
  packages = [
    ".",
    "internal",
    "internal/crc16",
    "internal/strkey",
  ]
  pruneopts = "UT"
  revision = "b9d7e0c8b3122309d8b9c37e4650bc821bb8be5d"
  version = "1.0.0"

[[projects]]
  digest = "1:606b146bfe9942efb584cc8d6cb4a369e5bbd497d1247df065d2ea2b381ba8b5"
  name = "gitlab.com/tokend/regources"
  packages = ["generated"]
  pruneopts = "UT"
  revision = "6ffabe8126504ada361d4d4859c218929b904ac7"
  version = "v4.9.0"

[[projects]]
  branch = "master"
  digest = "1:cd7e85fc3687e062714febdee3e8efeb00a413a2a620d28908fd0258261d2353"
  name = "golang.org/x/crypto"
  packages = [
    "ed25519",
    "ed25519/internal/edwards25519",
  ]
  pruneopts = "UT"
  revision = "9ee001bba392397c76f100a2d5b13afc86f167f1"

[[projects]]
  branch = "master"
  digest = "1:efaeaf7e03393d54963ece1e4c1866915d712a07adf4be8ea8105a67e3418e8f"
  name = "golang.org/x/sys"
  packages = ["unix"]
  pruneopts = "UT"
  revision = "0a153f010e6963173baba2306531d173aa843137"

[[projects]]
  digest = "1:4d2e5a73dc1500038e504a8d78b986630e3626dc027bc030ba5c75da257cdb96"
  name = "gopkg.in/yaml.v2"
  packages = ["."]
  pruneopts = "UT"
  revision = "51d6538a90f86fe93ac480b35f37b2be17fef232"
  version = "v2.2.2"

[solve-meta]
  analyzer-name = "dep"
  analyzer-version = 1
  input-imports = [
    "github.com/go-ozzo/ozzo-validation",
    "github.com/stretchr/testify/assert",
    "gitlab.com/distributed_lab/logan/v3",
    "gitlab.com/distributed_lab/logan/v3/errors",
    "gitlab.com/tokend/go/keypair",
    "gitlab.com/tokend/go/signcontrol",
    "gitlab.com/tokend/go/xdr",
    "gitlab.com/tokend/go/xdrbuild",
    "gitlab.com/tokend/keypair",
    "gitlab.com/tokend/regources/generated",
  ]
  solver-name = "gps-cdcl"
  solver-version = 1
